
Microsoft Visual Studio Solution File, Format Version 12.00
# Visual Studio 15
VisualStudioVersion = 15.0.28307.779
MinimumVisualStudioVersion = 10.0.40219.1
Project("{FAE04EC0-301F-11D3-BF4B-00C04F79EFBC}") = "lab5", "lab5\lab5.csproj", "{F107DAE5-DC93-47D7-9A05-0B3837B002BB}"
EndProject
Global
	GlobalSection(SolutionConfigurationPlatforms) = preSolution
		Debug|Any CPU = Debug|Any CPU
		Release|Any CPU = Release|Any CPU
	EndGlobalSection
	GlobalSection(ProjectConfigurationPlatforms) = postSolution
		{F107DAE5-DC93-47D7-9A05-0B3837B002BB}.Debug|Any CPU.ActiveCfg = Debug|Any CPU
		{F107DAE5-DC93-47D7-9A05-0B3837B002BB}.Debug|Any CPU.Build.0 = Debug|Any CPU
		{F107DAE5-DC93-47D7-9A05-0B3837B002BB}.Release|Any CPU.ActiveCfg = Release|Any CPU
		{F107DAE5-DC93-47D7-9A05-0B3837B002BB}.Release|Any CPU.Build.0 = Release|Any CPU
	EndGlobalSection
	GlobalSection(SolutionProperties) = preSolution
		HideSolutionNode = FALSE
	EndGlobalSection
	GlobalSection(ExtensibilityGlobals) = postSolution
		SolutionGuid = {D3D7CC66-7A11-4200-ACAA-4554499A557E}
	EndGlobalSection
EndGlobal
